# THIS IS AN AUTOGENERATED FILE. DO NOT EDIT THIS FILE DIRECTLY.
# yarn lockfile v1


cloc@^1.98.0-cloc:
  version "1.98.0-cloc"
  resolved "https://registry.yarnpkg.com/cloc/-/cloc-1.98.0-cloc.tgz#bfa4f1ab8c82df18c2678164c0d1699198a2a5b3"
  integrity sha512-orSf0Lg13jCemPXVQ22QjlvdV9YSzguYE3BdtkRu7bIyVQq1DGHhZfu5tdCp20Qn3Na/9V6n0j81MK+uHIZPgQ==
